// !$*UTF8*$!
{
	archiveVersion = 1;
	classes = {
	};
	objectVersion = 50;
	objects = {

/* Begin PBXBuildFile section */
		0546986C23E463E8756BFD79 /* Pods_GGbond.framework in Frameworks */ = {isa = PBXBuildFile; fileRef = 32AFFDEFDA547D5363050B04 /* Pods_GGbond.framework */; };
		79351C96215D19810047875C /* AppDelegate.swift in Sources */ = {isa = PBXBuildFile; fileRef = 79351C95215D19810047875C /* AppDelegate.swift */; };
		79351C98215D19810047875C /* GBHomeViewController.swift in Sources */ = {isa = PBXBuildFile; fileRef = 79351C97215D19810047875C /* GBHomeViewController.swift */; };
		79351C9D215D19870047875C /* Assets.xcassets in Resources */ = {isa = PBXBuildFile; fileRef = 79351C9C215D19870047875C /* Assets.xcassets */; };
		79351CA8215D1F430047875C /* GBTabbarViewController.swift in Sources */ = {isa = PBXBuildFile; fileRef = 79351CA7215D1F430047875C /* GBTabbarViewController.swift */; };
		79351CAA215D26E60047875C /* GBUserCenter.swift in Sources */ = {isa = PBXBuildFile; fileRef = 79351CA9215D26E60047875C /* GBUserCenter.swift */; };
		79351CAC215D2C360047875C /* GBLoginViewController.swift in Sources */ = {isa = PBXBuildFile; fileRef = 79351CAB215D2C360047875C /* GBLoginViewController.swift */; };
		960136682169EC6600BDA8EB /* GBProperty.swift in Sources */ = {isa = PBXBuildFile; fileRef = 960136672169EC6600BDA8EB /* GBProperty.swift */; };
		9601366B2169F29900BDA8EB /* GBPropertyDetailCellModel.swift in Sources */ = {isa = PBXBuildFile; fileRef = 9601366A2169F29900BDA8EB /* GBPropertyDetailCellModel.swift */; };
		9601366D2169F2B000BDA8EB /* GBPropertyViewModel.swift in Sources */ = {isa = PBXBuildFile; fileRef = 9601366C2169F2B000BDA8EB /* GBPropertyViewModel.swift */; };
		9624453721675C8000898089 /* GBPropertyDetailCell.swift in Sources */ = {isa = PBXBuildFile; fileRef = 9624453521675C8000898089 /* GBPropertyDetailCell.swift */; };
		9624453821675C8000898089 /* GBPropertyDetailCell.xib in Resources */ = {isa = PBXBuildFile; fileRef = 9624453621675C8000898089 /* GBPropertyDetailCell.xib */; };
		9624453B21675E2000898089 /* GBCookerSummeryCell.swift in Sources */ = {isa = PBXBuildFile; fileRef = 9624453921675E2000898089 /* GBCookerSummeryCell.swift */; };
		9624453C21675E2000898089 /* GBCookerSummeryCell.xib in Resources */ = {isa = PBXBuildFile; fileRef = 9624453A21675E2000898089 /* GBCookerSummeryCell.xib */; };
		9624453F2167707B00898089 /* GBCookerDetailViewController.swift in Sources */ = {isa = PBXBuildFile; fileRef = 9624453D2167707B00898089 /* GBCookerDetailViewController.swift */; };
		962445402167707B00898089 /* GBCookerDetailViewController.xib in Resources */ = {isa = PBXBuildFile; fileRef = 9624453E2167707B00898089 /* GBCookerDetailViewController.xib */; };
		962445472167750800898089 /* GBCookerTitleCell.swift in Sources */ = {isa = PBXBuildFile; fileRef = 962445452167750800898089 /* GBCookerTitleCell.swift */; };
		962445482167750800898089 /* GBCookerTitleCell.xib in Resources */ = {isa = PBXBuildFile; fileRef = 962445462167750800898089 /* GBCookerTitleCell.xib */; };
		9624454B2167798E00898089 /* GBCookerCommentsCell.swift in Sources */ = {isa = PBXBuildFile; fileRef = 962445492167798E00898089 /* GBCookerCommentsCell.swift */; };
		9624454C2167798E00898089 /* GBCookerCommentsCell.xib in Resources */ = {isa = PBXBuildFile; fileRef = 9624454A2167798E00898089 /* GBCookerCommentsCell.xib */; };
		96479529216388300041E139 /* UIColor+RGBColor.swift in Sources */ = {isa = PBXBuildFile; fileRef = 96479528216388300041E139 /* UIColor+RGBColor.swift */; };
		9647952B21638B0F0041E139 /* GBHomeViewController.xib in Resources */ = {isa = PBXBuildFile; fileRef = 9647952A21638B0F0041E139 /* GBHomeViewController.xib */; };
		9647952E21638FC30041E139 /* GBPropertyTableViewCell.swift in Sources */ = {isa = PBXBuildFile; fileRef = 9647952C21638FC30041E139 /* GBPropertyTableViewCell.swift */; };
		9647952F21638FC30041E139 /* GBPropertyTableViewCell.xib in Resources */ = {isa = PBXBuildFile; fileRef = 9647952D21638FC30041E139 /* GBPropertyTableViewCell.xib */; };
		964795322163DECB0041E139 /* GBPropertyViewController.swift in Sources */ = {isa = PBXBuildFile; fileRef = 964795302163DECB0041E139 /* GBPropertyViewController.swift */; };
		964795332163DECB0041E139 /* GBPropertyViewController.xib in Resources */ = {isa = PBXBuildFile; fileRef = 964795312163DECB0041E139 /* GBPropertyViewController.xib */; };
		964795362163E8BC0041E139 /* GBPayInfoViewController.swift in Sources */ = {isa = PBXBuildFile; fileRef = 964795342163E8BC0041E139 /* GBPayInfoViewController.swift */; };
		964795372163E8BC0041E139 /* GBPayInfoViewController.xib in Resources */ = {isa = PBXBuildFile; fileRef = 964795352163E8BC0041E139 /* GBPayInfoViewController.xib */; };
		9647953A216482D10041E139 /* GBPersonalCenterViewController.swift in Sources */ = {isa = PBXBuildFile; fileRef = 96479538216482D10041E139 /* GBPersonalCenterViewController.swift */; };
		9647953B216482D10041E139 /* GBPersonalCenterViewController.xib in Resources */ = {isa = PBXBuildFile; fileRef = 96479539216482D10041E139 /* GBPersonalCenterViewController.xib */; };
		9647953E216483640041E139 /* GBPayActionViewController.swift in Sources */ = {isa = PBXBuildFile; fileRef = 9647953C216483640041E139 /* GBPayActionViewController.swift */; };
		9647953F216483640041E139 /* GBPayActionViewController.xib in Resources */ = {isa = PBXBuildFile; fileRef = 9647953D216483640041E139 /* GBPayActionViewController.xib */; };
		96479542216487130041E139 /* GBPaySuccessViewController.swift in Sources */ = {isa = PBXBuildFile; fileRef = 96479540216487130041E139 /* GBPaySuccessViewController.swift */; };
		96479543216487130041E139 /* GBPaySuccessViewController.xib in Resources */ = {isa = PBXBuildFile; fileRef = 96479541216487130041E139 /* GBPaySuccessViewController.xib */; };
		96479549216604D30041E139 /* GBBaseViewController.swift in Sources */ = {isa = PBXBuildFile; fileRef = 96479548216604D30041E139 /* GBBaseViewController.swift */; };
		9647954B2166086D0041E139 /* UIImage+GB.swift in Sources */ = {isa = PBXBuildFile; fileRef = 9647954A2166086D0041E139 /* UIImage+GB.swift */; };
		9647954D216667D50041E139 /* GBPersonalHeaderView.swift in Sources */ = {isa = PBXBuildFile; fileRef = 9647954C216667D50041E139 /* GBPersonalHeaderView.swift */; };
		9647954F2166692B0041E139 /* GBPersonalHeaderView.xib in Resources */ = {isa = PBXBuildFile; fileRef = 9647954E2166692B0041E139 /* GBPersonalHeaderView.xib */; };
		9647955221666A1A0041E139 /* GBPersonalCenterCell.swift in Sources */ = {isa = PBXBuildFile; fileRef = 9647955021666A1A0041E139 /* GBPersonalCenterCell.swift */; };
		9647955321666A1A0041E139 /* GBPersonalCenterCell.xib in Resources */ = {isa = PBXBuildFile; fileRef = 9647955121666A1A0041E139 /* GBPersonalCenterCell.xib */; };
		96479556216673F10041E139 /* GBSettingViewController.swift in Sources */ = {isa = PBXBuildFile; fileRef = 96479554216673F10041E139 /* GBSettingViewController.swift */; };
		96479557216673F10041E139 /* GBSettingViewController.xib in Resources */ = {isa = PBXBuildFile; fileRef = 96479555216673F10041E139 /* GBSettingViewController.xib */; };
		9647955A21670D920041E139 /* GBPropertyCollectionViewCell.swift in Sources */ = {isa = PBXBuildFile; fileRef = 9647955821670D920041E139 /* GBPropertyCollectionViewCell.swift */; };
		9647955B21670D920041E139 /* GBPropertyCollectionViewCell.xib in Resources */ = {isa = PBXBuildFile; fileRef = 9647955921670D920041E139 /* GBPropertyCollectionViewCell.xib */; };
		9647955D216711BE0041E139 /* GBPropertyFlowLayout.swift in Sources */ = {isa = PBXBuildFile; fileRef = 9647955C216711BE0041E139 /* GBPropertyFlowLayout.swift */; };
		96B1581B2163237600F387C6 /* GBLoginViewController.xib in Resources */ = {isa = PBXBuildFile; fileRef = 96B1581A2163237600F387C6 /* GBLoginViewController.xib */; };
/* End PBXBuildFile section */

/* Begin PBXFileReference section */
		2B0447C5143BE027798654ED /* Pods-GGbond.debug.xcconfig */ = {isa = PBXFileReference; includeInIndex = 1; lastKnownFileType = text.xcconfig; name = "Pods-GGbond.debug.xcconfig"; path = "Pods/Target Support Files/Pods-GGbond/Pods-GGbond.debug.xcconfig"; sourceTree = "<group>"; };
		32AFFDEFDA547D5363050B04 /* Pods_GGbond.framework */ = {isa = PBXFileReference; explicitFileType = wrapper.framework; includeInIndex = 0; path = Pods_GGbond.framework; sourceTree = BUILT_PRODUCTS_DIR; };
		79351C92215D19810047875C /* GGbond.app */ = {isa = PBXFileReference; explicitFileType = wrapper.application; includeInIndex = 0; path = GGbond.app; sourceTree = BUILT_PRODUCTS_DIR; };
		79351C95215D19810047875C /* AppDelegate.swift */ = {isa = PBXFileReference; lastKnownFileType = sourcecode.swift; path = AppDelegate.swift; sourceTree = "<group>"; };
		79351C97215D19810047875C /* GBHomeViewController.swift */ = {isa = PBXFileReference; lastKnownFileType = sourcecode.swift; path = GBHomeViewController.swift; sourceTree = "<group>"; };
		79351C9C215D19870047875C /* Assets.xcassets */ = {isa = PBXFileReference; lastKnownFileType = folder.assetcatalog; path = Assets.xcassets; sourceTree = "<group>"; };
		79351CA1215D19870047875C /* Info.plist */ = {isa = PBXFileReference; lastKnownFileType = text.plist.xml; path = Info.plist; sourceTree = "<group>"; };
		79351CA7215D1F430047875C /* GBTabbarViewController.swift */ = {isa = PBXFileReference; lastKnownFileType = sourcecode.swift; path = GBTabbarViewController.swift; sourceTree = "<group>"; };
		79351CA9215D26E60047875C /* GBUserCenter.swift */ = {isa = PBXFileReference; lastKnownFileType = sourcecode.swift; path = GBUserCenter.swift; sourceTree = "<group>"; };
		79351CAB215D2C360047875C /* GBLoginViewController.swift */ = {isa = PBXFileReference; lastKnownFileType = sourcecode.swift; path = GBLoginViewController.swift; sourceTree = "<group>"; };
		960136672169EC6600BDA8EB /* GBProperty.swift */ = {isa = PBXFileReference; lastKnownFileType = sourcecode.swift; path = GBProperty.swift; sourceTree = "<group>"; };
		9601366A2169F29900BDA8EB /* GBPropertyDetailCellModel.swift */ = {isa = PBXFileReference; lastKnownFileType = sourcecode.swift; path = GBPropertyDetailCellModel.swift; sourceTree = "<group>"; };
		9601366C2169F2B000BDA8EB /* GBPropertyViewModel.swift */ = {isa = PBXFileReference; lastKnownFileType = sourcecode.swift; path = GBPropertyViewModel.swift; sourceTree = "<group>"; };
		9624453521675C8000898089 /* GBPropertyDetailCell.swift */ = {isa = PBXFileReference; lastKnownFileType = sourcecode.swift; path = GBPropertyDetailCell.swift; sourceTree = "<group>"; };
		9624453621675C8000898089 /* GBPropertyDetailCell.xib */ = {isa = PBXFileReference; lastKnownFileType = file.xib; path = GBPropertyDetailCell.xib; sourceTree = "<group>"; };
		9624453921675E2000898089 /* GBCookerSummeryCell.swift */ = {isa = PBXFileReference; lastKnownFileType = sourcecode.swift; path = GBCookerSummeryCell.swift; sourceTree = "<group>"; };
		9624453A21675E2000898089 /* GBCookerSummeryCell.xib */ = {isa = PBXFileReference; lastKnownFileType = file.xib; path = GBCookerSummeryCell.xib; sourceTree = "<group>"; };
		9624453D2167707B00898089 /* GBCookerDetailViewController.swift */ = {isa = PBXFileReference; lastKnownFileType = sourcecode.swift; path = GBCookerDetailViewController.swift; sourceTree = "<group>"; };
		9624453E2167707B00898089 /* GBCookerDetailViewController.xib */ = {isa = PBXFileReference; lastKnownFileType = file.xib; path = GBCookerDetailViewController.xib; sourceTree = "<group>"; };
		962445452167750800898089 /* GBCookerTitleCell.swift */ = {isa = PBXFileReference; lastKnownFileType = sourcecode.swift; path = GBCookerTitleCell.swift; sourceTree = "<group>"; };
		962445462167750800898089 /* GBCookerTitleCell.xib */ = {isa = PBXFileReference; lastKnownFileType = file.xib; path = GBCookerTitleCell.xib; sourceTree = "<group>"; };
		962445492167798E00898089 /* GBCookerCommentsCell.swift */ = {isa = PBXFileReference; lastKnownFileType = sourcecode.swift; path = GBCookerCommentsCell.swift; sourceTree = "<group>"; };
		9624454A2167798E00898089 /* GBCookerCommentsCell.xib */ = {isa = PBXFileReference; lastKnownFileType = file.xib; path = GBCookerCommentsCell.xib; sourceTree = "<group>"; };
		96479528216388300041E139 /* UIColor+RGBColor.swift */ = {isa = PBXFileReference; lastKnownFileType = sourcecode.swift; path = "UIColor+RGBColor.swift"; sourceTree = "<group>"; };
		9647952A21638B0F0041E139 /* GBHomeViewController.xib */ = {isa = PBXFileReference; lastKnownFileType = file.xib; path = GBHomeViewController.xib; sourceTree = "<group>"; };
		9647952C21638FC30041E139 /* GBPropertyTableViewCell.swift */ = {isa = PBXFileReference; lastKnownFileType = sourcecode.swift; path = GBPropertyTableViewCell.swift; sourceTree = "<group>"; };
		9647952D21638FC30041E139 /* GBPropertyTableViewCell.xib */ = {isa = PBXFileReference; lastKnownFileType = file.xib; path = GBPropertyTableViewCell.xib; sourceTree = "<group>"; };
		964795302163DECB0041E139 /* GBPropertyViewController.swift */ = {isa = PBXFileReference; lastKnownFileType = sourcecode.swift; path = GBPropertyViewController.swift; sourceTree = "<group>"; };
		964795312163DECB0041E139 /* GBPropertyViewController.xib */ = {isa = PBXFileReference; lastKnownFileType = file.xib; path = GBPropertyViewController.xib; sourceTree = "<group>"; };
		964795342163E8BC0041E139 /* GBPayInfoViewController.swift */ = {isa = PBXFileReference; lastKnownFileType = sourcecode.swift; path = GBPayInfoViewController.swift; sourceTree = "<group>"; };
		964795352163E8BC0041E139 /* GBPayInfoViewController.xib */ = {isa = PBXFileReference; lastKnownFileType = file.xib; path = GBPayInfoViewController.xib; sourceTree = "<group>"; };
		96479538216482D10041E139 /* GBPersonalCenterViewController.swift */ = {isa = PBXFileReference; lastKnownFileType = sourcecode.swift; path = GBPersonalCenterViewController.swift; sourceTree = "<group>"; };
		96479539216482D10041E139 /* GBPersonalCenterViewController.xib */ = {isa = PBXFileReference; lastKnownFileType = file.xib; path = GBPersonalCenterViewController.xib; sourceTree = "<group>"; };
		9647953C216483640041E139 /* GBPayActionViewController.swift */ = {isa = PBXFileReference; lastKnownFileType = sourcecode.swift; path = GBPayActionViewController.swift; sourceTree = "<group>"; };
		9647953D216483640041E139 /* GBPayActionViewController.xib */ = {isa = PBXFileReference; lastKnownFileType = file.xib; path = GBPayActionViewController.xib; sourceTree = "<group>"; };
		96479540216487130041E139 /* GBPaySuccessViewController.swift */ = {isa = PBXFileReference; lastKnownFileType = sourcecode.swift; path = GBPaySuccessViewController.swift; sourceTree = "<group>"; };
		96479541216487130041E139 /* GBPaySuccessViewController.xib */ = {isa = PBXFileReference; lastKnownFileType = file.xib; path = GBPaySuccessViewController.xib; sourceTree = "<group>"; };
		96479548216604D30041E139 /* GBBaseViewController.swift */ = {isa = PBXFileReference; lastKnownFileType = sourcecode.swift; path = GBBaseViewController.swift; sourceTree = "<group>"; };
		9647954A2166086D0041E139 /* UIImage+GB.swift */ = {isa = PBXFileReference; lastKnownFileType = sourcecode.swift; path = "UIImage+GB.swift"; sourceTree = "<group>"; };
		9647954C216667D50041E139 /* GBPersonalHeaderView.swift */ = {isa = PBXFileReference; lastKnownFileType = sourcecode.swift; path = GBPersonalHeaderView.swift; sourceTree = "<group>"; };
		9647954E2166692B0041E139 /* GBPersonalHeaderView.xib */ = {isa = PBXFileReference; lastKnownFileType = file.xib; path = GBPersonalHeaderView.xib; sourceTree = "<group>"; };
		9647955021666A1A0041E139 /* GBPersonalCenterCell.swift */ = {isa = PBXFileReference; lastKnownFileType = sourcecode.swift; path = GBPersonalCenterCell.swift; sourceTree = "<group>"; };
		9647955121666A1A0041E139 /* GBPersonalCenterCell.xib */ = {isa = PBXFileReference; lastKnownFileType = file.xib; path = GBPersonalCenterCell.xib; sourceTree = "<group>"; };
		96479554216673F10041E139 /* GBSettingViewController.swift */ = {isa = PBXFileReference; lastKnownFileType = sourcecode.swift; path = GBSettingViewController.swift; sourceTree = "<group>"; };
		96479555216673F10041E139 /* GBSettingViewController.xib */ = {isa = PBXFileReference; lastKnownFileType = file.xib; path = GBSettingViewController.xib; sourceTree = "<group>"; };
		9647955821670D920041E139 /* GBPropertyCollectionViewCell.swift */ = {isa = PBXFileReference; lastKnownFileType = sourcecode.swift; path = GBPropertyCollectionViewCell.swift; sourceTree = "<group>"; };
		9647955921670D920041E139 /* GBPropertyCollectionViewCell.xib */ = {isa = PBXFileReference; lastKnownFileType = file.xib; path = GBPropertyCollectionViewCell.xib; sourceTree = "<group>"; };
		9647955C216711BE0041E139 /* GBPropertyFlowLayout.swift */ = {isa = PBXFileReference; lastKnownFileType = sourcecode.swift; path = GBPropertyFlowLayout.swift; sourceTree = "<group>"; };
		96B1581A2163237600F387C6 /* GBLoginViewController.xib */ = {isa = PBXFileReference; lastKnownFileType = file.xib; path = GBLoginViewController.xib; sourceTree = "<group>"; };
		BD04E93BCE37CEDC09B3E404 /* Pods-GGbond.release.xcconfig */ = {isa = PBXFileReference; includeInIndex = 1; lastKnownFileType = text.xcconfig; name = "Pods-GGbond.release.xcconfig"; path = "Pods/Target Support Files/Pods-GGbond/Pods-GGbond.release.xcconfig"; sourceTree = "<group>"; };
/* End PBXFileReference section */

/* Begin PBXFrameworksBuildPhase section */
		79351C8F215D19810047875C /* Frameworks */ = {
			isa = PBXFrameworksBuildPhase;
			buildActionMask = 2147483647;
			files = (
				0546986C23E463E8756BFD79 /* Pods_GGbond.framework in Frameworks */,
			);
			runOnlyForDeploymentPostprocessing = 0;
		};
/* End PBXFrameworksBuildPhase section */

/* Begin PBXGroup section */
		13812D9474E0FD9BE7D89691 /* Frameworks */ = {
			isa = PBXGroup;
			children = (
				32AFFDEFDA547D5363050B04 /* Pods_GGbond.framework */,
			);
			name = Frameworks;
			sourceTree = "<group>";
		};
		3F155245F51EEC6712B59252 /* Pods */ = {
			isa = PBXGroup;
			children = (
				2B0447C5143BE027798654ED /* Pods-GGbond.debug.xcconfig */,
				BD04E93BCE37CEDC09B3E404 /* Pods-GGbond.release.xcconfig */,
			);
			name = Pods;
			sourceTree = "<group>";
		};
		79351C89215D19810047875C = {
			isa = PBXGroup;
			children = (
				79351C94215D19810047875C /* GGbond */,
				79351C93215D19810047875C /* Products */,
				3F155245F51EEC6712B59252 /* Pods */,
				13812D9474E0FD9BE7D89691 /* Frameworks */,
			);
			sourceTree = "<group>";
		};
		79351C93215D19810047875C /* Products */ = {
			isa = PBXGroup;
			children = (
				79351C92215D19810047875C /* GGbond.app */,
			);
			name = Products;
			sourceTree = "<group>";
		};
		79351C94215D19810047875C /* GGbond */ = {
			isa = PBXGroup;
			children = (
				960136692169F27100BDA8EB /* ViewModel */,
				960136662169EC3D00BDA8EB /* Model */,
				79351C95215D19810047875C /* AppDelegate.swift */,
				79351C9C215D19870047875C /* Assets.xcassets */,
				96479548216604D30041E139 /* GBBaseViewController.swift */,
				962445492167798E00898089 /* GBCookerCommentsCell.swift */,
				9624454A2167798E00898089 /* GBCookerCommentsCell.xib */,
				9624453D2167707B00898089 /* GBCookerDetailViewController.swift */,
				9624453E2167707B00898089 /* GBCookerDetailViewController.xib */,
				9624453921675E2000898089 /* GBCookerSummeryCell.swift */,
				9624453A21675E2000898089 /* GBCookerSummeryCell.xib */,
				962445452167750800898089 /* GBCookerTitleCell.swift */,
				962445462167750800898089 /* GBCookerTitleCell.xib */,
				79351C97215D19810047875C /* GBHomeViewController.swift */,
				9647952A21638B0F0041E139 /* GBHomeViewController.xib */,
				79351CAB215D2C360047875C /* GBLoginViewController.swift */,
				96B1581A2163237600F387C6 /* GBLoginViewController.xib */,
				9647953C216483640041E139 /* GBPayActionViewController.swift */,
				9647953D216483640041E139 /* GBPayActionViewController.xib */,
				964795342163E8BC0041E139 /* GBPayInfoViewController.swift */,
				964795352163E8BC0041E139 /* GBPayInfoViewController.xib */,
				96479540216487130041E139 /* GBPaySuccessViewController.swift */,
				96479541216487130041E139 /* GBPaySuccessViewController.xib */,
				9647955021666A1A0041E139 /* GBPersonalCenterCell.swift */,
				9647955121666A1A0041E139 /* GBPersonalCenterCell.xib */,
				96479538216482D10041E139 /* GBPersonalCenterViewController.swift */,
				96479539216482D10041E139 /* GBPersonalCenterViewController.xib */,
				9647954C216667D50041E139 /* GBPersonalHeaderView.swift */,
				9647954E2166692B0041E139 /* GBPersonalHeaderView.xib */,
				9647955821670D920041E139 /* GBPropertyCollectionViewCell.swift */,
				9647955921670D920041E139 /* GBPropertyCollectionViewCell.xib */,
				9624453521675C8000898089 /* GBPropertyDetailCell.swift */,
				9624453621675C8000898089 /* GBPropertyDetailCell.xib */,
				9647955C216711BE0041E139 /* GBPropertyFlowLayout.swift */,
				9647952C21638FC30041E139 /* GBPropertyTableViewCell.swift */,
				9647952D21638FC30041E139 /* GBPropertyTableViewCell.xib */,
				964795302163DECB0041E139 /* GBPropertyViewController.swift */,
				964795312163DECB0041E139 /* GBPropertyViewController.xib */,
				96479554216673F10041E139 /* GBSettingViewController.swift */,
				96479555216673F10041E139 /* GBSettingViewController.xib */,
				79351CA7215D1F430047875C /* GBTabbarViewController.swift */,
				79351CA9215D26E60047875C /* GBUserCenter.swift */,
				79351CA1215D19870047875C /* Info.plist */,
				96479528216388300041E139 /* UIColor+RGBColor.swift */,
				9647954A2166086D0041E139 /* UIImage+GB.swift */,
			);
			path = GGbond;
			sourceTree = "<group>";
		};
		960136662169EC3D00BDA8EB /* Model */ = {
			isa = PBXGroup;
			children = (
				960136672169EC6600BDA8EB /* GBProperty.swift */,
			);
			path = Model;
			sourceTree = "<group>";
		};
		960136692169F27100BDA8EB /* ViewModel */ = {
			isa = PBXGroup;
			children = (
				9601366A2169F29900BDA8EB /* GBPropertyDetailCellModel.swift */,
				9601366C2169F2B000BDA8EB /* GBPropertyViewModel.swift */,
			);
			path = ViewModel;
			sourceTree = "<group>";
		};
/* End PBXGroup section */

/* Begin PBXNativeTarget section */
		79351C91215D19810047875C /* GGbond */ = {
			isa = PBXNativeTarget;
			buildConfigurationList = 79351CA4215D19870047875C /* Build configuration list for PBXNativeTarget "GGbond" */;
			buildPhases = (
				C092914F282D5957C1D1C00B /* [CP] Check Pods Manifest.lock */,
				79351C8E215D19810047875C /* Sources */,
				79351C8F215D19810047875C /* Frameworks */,
				79351C90215D19810047875C /* Resources */,
				4BAC3819D58C64E88024E0AE /* [CP] Embed Pods Frameworks */,
			);
			buildRules = (
			);
			dependencies = (
			);
			name = GGbond;
			productName = GGbond;
			productReference = 79351C92215D19810047875C /* GGbond.app */;
			productType = "com.apple.product-type.application";
		};
/* End PBXNativeTarget section */

/* Begin PBXProject section */
		79351C8A215D19810047875C /* Project object */ = {
			isa = PBXProject;
			attributes = {
				LastSwiftUpdateCheck = 0940;
				LastUpgradeCheck = 0940;
				ORGANIZATIONNAME = "程薇";
				TargetAttributes = {
					79351C91215D19810047875C = {
						CreatedOnToolsVersion = 9.4.1;
						LastSwiftMigration = 1000;
					};
				};
			};
			buildConfigurationList = 79351C8D215D19810047875C /* Build configuration list for PBXProject "GGbond" */;
			compatibilityVersion = "Xcode 9.3";
			developmentRegion = en;
			hasScannedForEncodings = 0;
			knownRegions = (
				en,
				Base,
			);
			mainGroup = 79351C89215D19810047875C;
			productRefGroup = 79351C93215D19810047875C /* Products */;
			projectDirPath = "";
			projectRoot = "";
			targets = (
				79351C91215D19810047875C /* GGbond */,
			);
		};
/* End PBXProject section */

/* Begin PBXResourcesBuildPhase section */
		79351C90215D19810047875C /* Resources */ = {
			isa = PBXResourcesBuildPhase;
			buildActionMask = 2147483647;
			files = (
				79351C9D215D19870047875C /* Assets.xcassets in Resources */,
				9647953B216482D10041E139 /* GBPersonalCenterViewController.xib in Resources */,
				96479557216673F10041E139 /* GBSettingViewController.xib in Resources */,
				96479543216487130041E139 /* GBPaySuccessViewController.xib in Resources */,
				9647952F21638FC30041E139 /* GBPropertyTableViewCell.xib in Resources */,
				964795372163E8BC0041E139 /* GBPayInfoViewController.xib in Resources */,
				9647955B21670D920041E139 /* GBPropertyCollectionViewCell.xib in Resources */,
				9624454C2167798E00898089 /* GBCookerCommentsCell.xib in Resources */,
				964795332163DECB0041E139 /* GBPropertyViewController.xib in Resources */,
				962445482167750800898089 /* GBCookerTitleCell.xib in Resources */,
				9647955321666A1A0041E139 /* GBPersonalCenterCell.xib in Resources */,
				9624453C21675E2000898089 /* GBCookerSummeryCell.xib in Resources */,
				96B1581B2163237600F387C6 /* GBLoginViewController.xib in Resources */,
				9624453821675C8000898089 /* GBPropertyDetailCell.xib in Resources */,
				9647953F216483640041E139 /* GBPayActionViewController.xib in Resources */,
				9647952B21638B0F0041E139 /* GBHomeViewController.xib in Resources */,
				962445402167707B00898089 /* GBCookerDetailViewController.xib in Resources */,
				9647954F2166692B0041E139 /* GBPersonalHeaderView.xib in Resources */,
			);
			runOnlyForDeploymentPostprocessing = 0;
		};
/* End PBXResourcesBuildPhase section */

/* Begin PBXShellScriptBuildPhase section */
		4BAC3819D58C64E88024E0AE /* [CP] Embed Pods Frameworks */ = {
			isa = PBXShellScriptBuildPhase;
			buildActionMask = 2147483647;
			files = (
			);
			inputPaths = (
				"${SRCROOT}/Pods/Target Support Files/Pods-GGbond/Pods-GGbond-frameworks.sh",
				"${BUILT_PRODUCTS_DIR}/Alamofire/Alamofire.framework",
				"${BUILT_PRODUCTS_DIR}/LeanCloud/LeanCloud.framework",
				"${BUILT_PRODUCTS_DIR}/ReactiveCocoa/ReactiveCocoa.framework",
				"${BUILT_PRODUCTS_DIR}/ReactiveSwift/ReactiveSwift.framework",
				"${BUILT_PRODUCTS_DIR}/Result/Result.framework",
				"${BUILT_PRODUCTS_DIR}/SnapKit/SnapKit.framework",
			);
			name = "[CP] Embed Pods Frameworks";
			outputPaths = (
				"${TARGET_BUILD_DIR}/${FRAMEWORKS_FOLDER_PATH}/Alamofire.framework",
				"${TARGET_BUILD_DIR}/${FRAMEWORKS_FOLDER_PATH}/LeanCloud.framework",
				"${TARGET_BUILD_DIR}/${FRAMEWORKS_FOLDER_PATH}/ReactiveCocoa.framework",
				"${TARGET_BUILD_DIR}/${FRAMEWORKS_FOLDER_PATH}/ReactiveSwift.framework",
				"${TARGET_BUILD_DIR}/${FRAMEWORKS_FOLDER_PATH}/Result.framework",
				"${TARGET_BUILD_DIR}/${FRAMEWORKS_FOLDER_PATH}/SnapKit.framework",
			);
			runOnlyForDeploymentPostprocessing = 0;
			shellPath = /bin/sh;
			shellScript = "\"${SRCROOT}/Pods/Target Support Files/Pods-GGbond/Pods-GGbond-frameworks.sh\"\n";
			showEnvVarsInLog = 0;
		};
		C092914F282D5957C1D1C00B /* [CP] Check Pods Manifest.lock */ = {
			isa = PBXShellScriptBuildPhase;
			buildActionMask = 2147483647;
			files = (
			);
			inputPaths = (
				"${PODS_PODFILE_DIR_PATH}/Podfile.lock",
				"${PODS_ROOT}/Manifest.lock",
			);
			name = "[CP] Check Pods Manifest.lock";
			outputPaths = (
				"$(DERIVED_FILE_DIR)/Pods-GGbond-checkManifestLockResult.txt",
			);
			runOnlyForDeploymentPostprocessing = 0;
			shellPath = /bin/sh;
			shellScript = "diff \"${PODS_PODFILE_DIR_PATH}/Podfile.lock\" \"${PODS_ROOT}/Manifest.lock\" > /dev/null\nif [ $? != 0 ] ; then\n    # print error to STDERR\n    echo \"error: The sandbox is not in sync with the Podfile.lock. Run 'pod install' or update your CocoaPods installation.\" >&2\n    exit 1\nfi\n# This output is used by Xcode 'outputs' to avoid re-running this script phase.\necho \"SUCCESS\" > \"${SCRIPT_OUTPUT_FILE_0}\"\n";
			showEnvVarsInLog = 0;
		};
/* End PBXShellScriptBuildPhase section */

/* Begin PBXSourcesBuildPhase section */
		79351C8E215D19810047875C /* Sources */ = {
			isa = PBXSourcesBuildPhase;
			buildActionMask = 2147483647;
			files = (
				9601366B2169F29900BDA8EB /* GBPropertyDetailCellModel.swift in Sources */,
				79351C98215D19810047875C /* GBHomeViewController.swift in Sources */,
				96479529216388300041E139 /* UIColor+RGBColor.swift in Sources */,
				9624453B21675E2000898089 /* GBCookerSummeryCell.swift in Sources */,
				9647953A216482D10041E139 /* GBPersonalCenterViewController.swift in Sources */,
				9647955221666A1A0041E139 /* GBPersonalCenterCell.swift in Sources */,
				9647954D216667D50041E139 /* GBPersonalHeaderView.swift in Sources */,
				9647952E21638FC30041E139 /* GBPropertyTableViewCell.swift in Sources */,
				9624454B2167798E00898089 /* GBCookerCommentsCell.swift in Sources */,
				9647955D216711BE0041E139 /* GBPropertyFlowLayout.swift in Sources */,
				9647954B2166086D0041E139 /* UIImage+GB.swift in Sources */,
				79351CAC215D2C360047875C /* GBLoginViewController.swift in Sources */,
				79351C96215D19810047875C /* AppDelegate.swift in Sources */,
				96479556216673F10041E139 /* GBSettingViewController.swift in Sources */,
				96479549216604D30041E139 /* GBBaseViewController.swift in Sources */,
				9624453F2167707B00898089 /* GBCookerDetailViewController.swift in Sources */,
				962445472167750800898089 /* GBCookerTitleCell.swift in Sources */,
				79351CAA215D26E60047875C /* GBUserCenter.swift in Sources */,
				964795322163DECB0041E139 /* GBPropertyViewController.swift in Sources */,
				9624453721675C8000898089 /* GBPropertyDetailCell.swift in Sources */,
				96479542216487130041E139 /* GBPaySuccessViewController.swift in Sources */,
				79351CA8215D1F430047875C /* GBTabbarViewController.swift in Sources */,
				9601366D2169F2B000BDA8EB /* GBPropertyViewModel.swift in Sources */,
				9647953E216483640041E139 /* GBPayActionViewController.swift in Sources */,
				9647955A21670D920041E139 /* GBPropertyCollectionViewCell.swift in Sources */,
				964795362163E8BC0041E139 /* GBPayInfoViewController.swift in Sources */,
				960136682169EC6600BDA8EB /* GBProperty.swift in Sources */,
			);
			runOnlyForDeploymentPostprocessing = 0;
		};
/* End PBXSourcesBuildPhase section */

/* Begin XCBuildConfiguration section */
		79351CA2215D19870047875C /* Debug */ = {
			isa = XCBuildConfiguration;
			buildSettings = {
				ALWAYS_SEARCH_USER_PATHS = NO;
				CLANG_ANALYZER_NONNULL = YES;
				CLANG_ANALYZER_NUMBER_OBJECT_CONVERSION = YES_AGGRESSIVE;
				CLANG_CXX_LANGUAGE_STANDARD = "gnu++14";
				CLANG_CXX_LIBRARY = "libc++";
				CLANG_ENABLE_MODULES = YES;
				CLANG_ENABLE_OBJC_ARC = YES;
				CLANG_ENABLE_OBJC_WEAK = YES;
				CLANG_WARN_BLOCK_CAPTURE_AUTORELEASING = YES;
				CLANG_WARN_BOOL_CONVERSION = YES;
				CLANG_WARN_COMMA = YES;
				CLANG_WARN_CONSTANT_CONVERSION = YES;
				CLANG_WARN_DEPRECATED_OBJC_IMPLEMENTATIONS = YES;
				CLANG_WARN_DIRECT_OBJC_ISA_USAGE = YES_ERROR;
				CLANG_WARN_DOCUMENTATION_COMMENTS = YES;
				CLANG_WARN_EMPTY_BODY = YES;
				CLANG_WARN_ENUM_CONVERSION = YES;
				CLANG_WARN_INFINITE_RECURSION = YES;
				CLANG_WARN_INT_CONVERSION = YES;
				CLANG_WARN_NON_LITERAL_NULL_CONVERSION = YES;
				CLANG_WARN_OBJC_IMPLICIT_RETAIN_SELF = YES;
				CLANG_WARN_OBJC_LITERAL_CONVERSION = YES;
				CLANG_WARN_OBJC_ROOT_CLASS = YES_ERROR;
				CLANG_WARN_RANGE_LOOP_ANALYSIS = YES;
				CLANG_WARN_STRICT_PROTOTYPES = YES;
				CLANG_WARN_SUSPICIOUS_MOVE = YES;
				CLANG_WARN_UNGUARDED_AVAILABILITY = YES_AGGRESSIVE;
				CLANG_WARN_UNREACHABLE_CODE = YES;
				CLANG_WARN__DUPLICATE_METHOD_MATCH = YES;
				CODE_SIGN_IDENTITY = "iPhone Developer";
				COPY_PHASE_STRIP = NO;
				DEBUG_INFORMATION_FORMAT = dwarf;
				ENABLE_STRICT_OBJC_MSGSEND = YES;
				ENABLE_TESTABILITY = YES;
				GCC_C_LANGUAGE_STANDARD = gnu11;
				GCC_DYNAMIC_NO_PIC = NO;
				GCC_NO_COMMON_BLOCKS = YES;
				GCC_OPTIMIZATION_LEVEL = 0;
				GCC_PREPROCESSOR_DEFINITIONS = (
					"DEBUG=1",
					"$(inherited)",
				);
				GCC_WARN_64_TO_32_BIT_CONVERSION = YES;
				GCC_WARN_ABOUT_RETURN_TYPE = YES_ERROR;
				GCC_WARN_UNDECLARED_SELECTOR = YES;
				GCC_WARN_UNINITIALIZED_AUTOS = YES_AGGRESSIVE;
				GCC_WARN_UNUSED_FUNCTION = YES;
				GCC_WARN_UNUSED_VARIABLE = YES;
				IPHONEOS_DEPLOYMENT_TARGET = 11.4;
				MTL_ENABLE_DEBUG_INFO = YES;
				ONLY_ACTIVE_ARCH = YES;
				SDKROOT = iphoneos;
				SWIFT_ACTIVE_COMPILATION_CONDITIONS = DEBUG;
				SWIFT_OPTIMIZATION_LEVEL = "-Onone";
			};
			name = Debug;
		};
		79351CA3215D19870047875C /* Release */ = {
			isa = XCBuildConfiguration;
			buildSettings = {
				ALWAYS_SEARCH_USER_PATHS = NO;
				CLANG_ANALYZER_NONNULL = YES;
				CLANG_ANALYZER_NUMBER_OBJECT_CONVERSION = YES_AGGRESSIVE;
				CLANG_CXX_LANGUAGE_STANDARD = "gnu++14";
				CLANG_CXX_LIBRARY = "libc++";
				CLANG_ENABLE_MODULES = YES;
				CLANG_ENABLE_OBJC_ARC = YES;
				CLANG_ENABLE_OBJC_WEAK = YES;
				CLANG_WARN_BLOCK_CAPTURE_AUTORELEASING = YES;
				CLANG_WARN_BOOL_CONVERSION = YES;
				CLANG_WARN_COMMA = YES;
				CLANG_WARN_CONSTANT_CONVERSION = YES;
				CLANG_WARN_DEPRECATED_OBJC_IMPLEMENTATIONS = YES;
				CLANG_WARN_DIRECT_OBJC_ISA_USAGE = YES_ERROR;
				CLANG_WARN_DOCUMENTATION_COMMENTS = YES;
				CLANG_WARN_EMPTY_BODY = YES;
				CLANG_WARN_ENUM_CONVERSION = YES;
				CLANG_WARN_INFINITE_RECURSION = YES;
				CLANG_WARN_INT_CONVERSION = YES;
				CLANG_WARN_NON_LITERAL_NULL_CONVERSION = YES;
				CLANG_WARN_OBJC_IMPLICIT_RETAIN_SELF = YES;
				CLANG_WARN_OBJC_LITERAL_CONVERSION = YES;
				CLANG_WARN_OBJC_ROOT_CLASS = YES_ERROR;
				CLANG_WARN_RANGE_LOOP_ANALYSIS = YES;
				CLANG_WARN_STRICT_PROTOTYPES = YES;
				CLANG_WARN_SUSPICIOUS_MOVE = YES;
				CLANG_WARN_UNGUARDED_AVAILABILITY = YES_AGGRESSIVE;
				CLANG_WARN_UNREACHABLE_CODE = YES;
				CLANG_WARN__DUPLICATE_METHOD_MATCH = YES;
				CODE_SIGN_IDENTITY = "iPhone Developer";
				COPY_PHASE_STRIP = NO;
				DEBUG_INFORMATION_FORMAT = "dwarf-with-dsym";
				ENABLE_NS_ASSERTIONS = NO;
				ENABLE_STRICT_OBJC_MSGSEND = YES;
				GCC_C_LANGUAGE_STANDARD = gnu11;
				GCC_NO_COMMON_BLOCKS = YES;
				GCC_WARN_64_TO_32_BIT_CONVERSION = YES;
				GCC_WARN_ABOUT_RETURN_TYPE = YES_ERROR;
				GCC_WARN_UNDECLARED_SELECTOR = YES;
				GCC_WARN_UNINITIALIZED_AUTOS = YES_AGGRESSIVE;
				GCC_WARN_UNUSED_FUNCTION = YES;
				GCC_WARN_UNUSED_VARIABLE = YES;
				IPHONEOS_DEPLOYMENT_TARGET = 11.4;
				MTL_ENABLE_DEBUG_INFO = NO;
				SDKROOT = iphoneos;
				SWIFT_COMPILATION_MODE = wholemodule;
				SWIFT_OPTIMIZATION_LEVEL = "-O";
				VALIDATE_PRODUCT = YES;
			};
			name = Release;
		};
		79351CA5215D19870047875C /* Debug */ = {
			isa = XCBuildConfiguration;
			baseConfigurationReference = 2B0447C5143BE027798654ED /* Pods-GGbond.debug.xcconfig */;
			buildSettings = {
				ASSETCATALOG_COMPILER_APPICON_NAME = AppIcon;
				ASSETCATALOG_COMPILER_LAUNCHIMAGE_NAME = LaunchImage;
				CLANG_CXX_LIBRARY = "libstdc++";
				CODE_SIGN_STYLE = Automatic;
				DEVELOPMENT_TEAM = T7Z76WDTD6;
				INFOPLIST_FILE = GGbond/Info.plist;
				IPHONEOS_DEPLOYMENT_TARGET = 8.0;
				LD_RUNPATH_SEARCH_PATHS = (
					"$(inherited)",
					"@executable_path/Frameworks",
				);
				PRODUCT_BUNDLE_IDENTIFIER = cn.kyson.ggbond.GGbond;
				PRODUCT_NAME = "$(TARGET_NAME)";
				SWIFT_VERSION = 4.0;
				TARGETED_DEVICE_FAMILY = 1;
			};
			name = Debug;
		};
		79351CA6215D19870047875C /* Release */ = {
			isa = XCBuildConfiguration;
			baseConfigurationReference = BD04E93BCE37CEDC09B3E404 /* Pods-GGbond.release.xcconfig */;
			buildSettings = {
				ASSETCATALOG_COMPILER_APPICON_NAME = AppIcon;
				ASSETCATALOG_COMPILER_LAUNCHIMAGE_NAME = LaunchImage;
				CLANG_CXX_LIBRARY = "libstdc++";
				CODE_SIGN_STYLE = Automatic;
				DEVELOPMENT_TEAM = T7Z76WDTD6;
				INFOPLIST_FILE = GGbond/Info.plist;
				IPHONEOS_DEPLOYMENT_TARGET = 8.0;
				LD_RUNPATH_SEARCH_PATHS = (
					"$(inherited)",
					"@executable_path/Frameworks",
				);
				PRODUCT_BUNDLE_IDENTIFIER = cn.kyson.ggbond.GGbond;
				PRODUCT_NAME = "$(TARGET_NAME)";
				SWIFT_VERSION = 4.0;
				TARGETED_DEVICE_FAMILY = 1;
			};
			name = Release;
		};
/* End XCBuildConfiguration section */

/* Begin XCConfigurationList section */
		79351C8D215D19810047875C /* Build configuration list for PBXProject "GGbond" */ = {
			isa = XCConfigurationList;
			buildConfigurations = (
				79351CA2215D19870047875C /* Debug */,
				79351CA3215D19870047875C /* Release */,
			);
			defaultConfigurationIsVisible = 0;
			defaultConfigurationName = Release;
		};
		79351CA4215D19870047875C /* Build configuration list for PBXNativeTarget "GGbond" */ = {
			isa = XCConfigurationList;
			buildConfigurations = (
				79351CA5215D19870047875C /* Debug */,
				79351CA6215D19870047875C /* Release */,
			);
			defaultConfigurationIsVisible = 0;
			defaultConfigurationName = Release;
		};
/* End XCConfigurationList section */
	};
	rootObject = 79351C8A215D19810047875C /* Project object */;
}
